
Microsoft Visual Studio Solution File, Format Version 12.00
# Visual Studio 15
VisualStudioVersion = 15.0.28307.168
MinimumVisualStudioVersion = 10.0.40219.1
Project("{FAE04EC0-301F-11D3-BF4B-00C04F79EFBC}") = "ArtemisDesktopClient", "ArtemisDesktopClient\ArtemisDesktopClient.csproj", "{FB09ECCD-8498-44D7-AE08-53D47A097327}"
EndProject
Global
	GlobalSection(SolutionConfigurationPlatforms) = preSolution
		Debug|Any CPU = Debug|Any CPU
		Release|Any CPU = Release|Any CPU
	EndGlobalSection
	GlobalSection(ProjectConfigurationPlatforms) = postSolution
		{FB09ECCD-8498-44D7-AE08-53D47A097327}.Debug|Any CPU.ActiveCfg = Debug|Any CPU
		{FB09ECCD-8498-44D7-AE08-53D47A097327}.Debug|Any CPU.Build.0 = Debug|Any CPU
		{FB09ECCD-8498-44D7-AE08-53D47A097327}.Release|Any CPU.ActiveCfg = Release|Any CPU
		{FB09ECCD-8498-44D7-AE08-53D47A097327}.Release|Any CPU.Build.0 = Release|Any CPU
	EndGlobalSection
	GlobalSection(SolutionProperties) = preSolution
		HideSolutionNode = FALSE
	EndGlobalSection
	GlobalSection(ExtensibilityGlobals) = postSolution
		SolutionGuid = {DF36B9DA-A329-4DA8-A2EB-295C4839F763}
	EndGlobalSection
EndGlobal
